
Microsoft Visual Studio Solution File, Format Version 12.00
# Visual Studio Version 17
VisualStudioVersion = 17.4.32912.340
MinimumVisualStudioVersion = 10.0.40219.1
Project("{2150E333-8FDC-42A3-9474-1A3956D46DE8}") = "Solution Items", "Solution Items", "{1893C73D-92B4-4A41-980C-659F714BB7D6}"
	ProjectSection(SolutionItems) = preProject
		.editorconfig = .editorconfig
		.gitattributes = .gitattributes
		.gitignore = .gitignore
		QuickStart.md = QuickStart.md
		README.md = README.md
		ReleaseNotes.md = ReleaseNotes.md
	EndProjectSection
EndProject
Project("{2150E333-8FDC-42A3-9474-1A3956D46DE8}") = "Build", "Build", "{18F4E511-9F73-4EC1-94CA-E35E0C29E0F3}"
	ProjectSection(SolutionItems) = preProject
		Build\createPackage.ps1 = Build\createPackage.ps1
		Build\publishPackage.ps1 = Build\publishPackage.ps1
	EndProjectSection
EndProject
Project("{9A19103F-16F7-4668-BE54-9A1E7A4F7556}") = "BarionClientLibrary.Tests", "BarionClientLibrary.Tests\BarionClientLibrary.Tests.csproj", "{9C570EE0-3D94-468A-A6FD-25C2AACBEDF1}"
EndProject
Project("{9A19103F-16F7-4668-BE54-9A1E7A4F7556}") = "BarionClientLibrary", "BarionClientLibrary\BarionClientLibrary.csproj", "{9246274C-FA2C-44AB-9584-6EE06FCC35CF}"
EndProject
Global
	GlobalSection(SolutionConfigurationPlatforms) = preSolution
		Debug|Any CPU = Debug|Any CPU
		Release|Any CPU = Release|Any CPU
	EndGlobalSection
	GlobalSection(ProjectConfigurationPlatforms) = postSolution
		{9C570EE0-3D94-468A-A6FD-25C2AACBEDF1}.Debug|Any CPU.ActiveCfg = Debug|Any CPU
		{9C570EE0-3D94-468A-A6FD-25C2AACBEDF1}.Debug|Any CPU.Build.0 = Debug|Any CPU
		{9C570EE0-3D94-468A-A6FD-25C2AACBEDF1}.Release|Any CPU.ActiveCfg = Release|Any CPU
		{9C570EE0-3D94-468A-A6FD-25C2AACBEDF1}.Release|Any CPU.Build.0 = Release|Any CPU
		{9246274C-FA2C-44AB-9584-6EE06FCC35CF}.Debug|Any CPU.ActiveCfg = Debug|Any CPU
		{9246274C-FA2C-44AB-9584-6EE06FCC35CF}.Debug|Any CPU.Build.0 = Debug|Any CPU
		{9246274C-FA2C-44AB-9584-6EE06FCC35CF}.Release|Any CPU.ActiveCfg = Release|Any CPU
		{9246274C-FA2C-44AB-9584-6EE06FCC35CF}.Release|Any CPU.Build.0 = Release|Any CPU
	EndGlobalSection
	GlobalSection(SolutionProperties) = preSolution
		HideSolutionNode = FALSE
	EndGlobalSection
	GlobalSection(ExtensibilityGlobals) = postSolution
		SolutionGuid = {562C93B5-D923-4D84-BC26-89B5FF4B23A7}
	EndGlobalSection
EndGlobal
