
Microsoft Visual Studio Solution File, Format Version 12.00
# Visual Studio Version 17
VisualStudioVersion = 17.4.33006.217
MinimumVisualStudioVersion = 10.0.40219.1
Project("{FAE04EC0-301F-11D3-BF4B-00C04F79EFBC}") = "AspNetCoreApi", "AspNetCoreApi.csproj", "{2DAEEECD-91C9-4458-ABE9-197855C8BD6F}"
EndProject
Global
	GlobalSection(SolutionConfigurationPlatforms) = preSolution
		Debug|Any CPU = Debug|Any CPU
		Release|Any CPU = Release|Any CPU
	EndGlobalSection
	GlobalSection(ProjectConfigurationPlatforms) = postSolution
		{2DAEEECD-91C9-4458-ABE9-197855C8BD6F}.Debug|Any CPU.ActiveCfg = Debug|Any CPU
		{2DAEEECD-91C9-4458-ABE9-197855C8BD6F}.Debug|Any CPU.Build.0 = Debug|Any CPU
		{2DAEEECD-91C9-4458-ABE9-197855C8BD6F}.Release|Any CPU.ActiveCfg = Release|Any CPU
		{2DAEEECD-91C9-4458-ABE9-197855C8BD6F}.Release|Any CPU.Build.0 = Release|Any CPU
	EndGlobalSection
	GlobalSection(SolutionProperties) = preSolution
		HideSolutionNode = FALSE
	EndGlobalSection
	GlobalSection(ExtensibilityGlobals) = postSolution
		SolutionGuid = {46E6B34F-C6F7-4F62-ADC7-1129FF28C7CC}
	EndGlobalSection
EndGlobal
